
Microsoft Visual Studio Solution File, Format Version 12.00
# Visual Studio 15
VisualStudioVersion = 15.0.26124.0
MinimumVisualStudioVersion = 15.0.26124.0
Project("{FAE04EC0-301F-11D3-BF4B-00C04F79EFBC}") = "serviceA", "serviceA\serviceA.csproj", "{E575B51B-AB2A-4E66-881A-D25013CEF566}"
EndProject
Project("{FAE04EC0-301F-11D3-BF4B-00C04F79EFBC}") = "serviceB", "serviceB\serviceB.csproj", "{3D3B7606-6581-4DFC-86C1-CE24CA3B799E}"
EndProject
Project("{FAE04EC0-301F-11D3-BF4B-00C04F79EFBC}") = "serviceC", "serviceC\serviceC.csproj", "{40BC4D15-52D2-45F1-9D27-6F2A952C4026}"
EndProject
Project("{FAE04EC0-301F-11D3-BF4B-00C04F79EFBC}") = "shared", "shared\shared.csproj", "{1B7F7709-46EE-4D55-A649-22F06CC4085F}"
EndProject
Global
	GlobalSection(SolutionConfigurationPlatforms) = preSolution
		Debug|Any CPU = Debug|Any CPU
		Debug|x64 = Debug|x64
		Debug|x86 = Debug|x86
		Release|Any CPU = Release|Any CPU
		Release|x64 = Release|x64
		Release|x86 = Release|x86
	EndGlobalSection
	GlobalSection(SolutionProperties) = preSolution
		HideSolutionNode = FALSE
	EndGlobalSection
	GlobalSection(ProjectConfigurationPlatforms) = postSolution
		{E575B51B-AB2A-4E66-881A-D25013CEF566}.Debug|Any CPU.ActiveCfg = Debug|Any CPU
		{E575B51B-AB2A-4E66-881A-D25013CEF566}.Debug|Any CPU.Build.0 = Debug|Any CPU
		{E575B51B-AB2A-4E66-881A-D25013CEF566}.Debug|x64.ActiveCfg = Debug|Any CPU
		{E575B51B-AB2A-4E66-881A-D25013CEF566}.Debug|x64.Build.0 = Debug|Any CPU
		{E575B51B-AB2A-4E66-881A-D25013CEF566}.Debug|x86.ActiveCfg = Debug|Any CPU
		{E575B51B-AB2A-4E66-881A-D25013CEF566}.Debug|x86.Build.0 = Debug|Any CPU
		{E575B51B-AB2A-4E66-881A-D25013CEF566}.Release|Any CPU.ActiveCfg = Release|Any CPU
		{E575B51B-AB2A-4E66-881A-D25013CEF566}.Release|Any CPU.Build.0 = Release|Any CPU
		{E575B51B-AB2A-4E66-881A-D25013CEF566}.Release|x64.ActiveCfg = Release|Any CPU
		{E575B51B-AB2A-4E66-881A-D25013CEF566}.Release|x64.Build.0 = Release|Any CPU
		{E575B51B-AB2A-4E66-881A-D25013CEF566}.Release|x86.ActiveCfg = Release|Any CPU
		{E575B51B-AB2A-4E66-881A-D25013CEF566}.Release|x86.Build.0 = Release|Any CPU
		{3D3B7606-6581-4DFC-86C1-CE24CA3B799E}.Debug|Any CPU.ActiveCfg = Debug|Any CPU
		{3D3B7606-6581-4DFC-86C1-CE24CA3B799E}.Debug|Any CPU.Build.0 = Debug|Any CPU
		{3D3B7606-6581-4DFC-86C1-CE24CA3B799E}.Debug|x64.ActiveCfg = Debug|Any CPU
		{3D3B7606-6581-4DFC-86C1-CE24CA3B799E}.Debug|x64.Build.0 = Debug|Any CPU
		{3D3B7606-6581-4DFC-86C1-CE24CA3B799E}.Debug|x86.ActiveCfg = Debug|Any CPU
		{3D3B7606-6581-4DFC-86C1-CE24CA3B799E}.Debug|x86.Build.0 = Debug|Any CPU
		{3D3B7606-6581-4DFC-86C1-CE24CA3B799E}.Release|Any CPU.ActiveCfg = Release|Any CPU
		{3D3B7606-6581-4DFC-86C1-CE24CA3B799E}.Release|Any CPU.Build.0 = Release|Any CPU
		{3D3B7606-6581-4DFC-86C1-CE24CA3B799E}.Release|x64.ActiveCfg = Release|Any CPU
		{3D3B7606-6581-4DFC-86C1-CE24CA3B799E}.Release|x64.Build.0 = Release|Any CPU
		{3D3B7606-6581-4DFC-86C1-CE24CA3B799E}.Release|x86.ActiveCfg = Release|Any CPU
		{3D3B7606-6581-4DFC-86C1-CE24CA3B799E}.Release|x86.Build.0 = Release|Any CPU
		{40BC4D15-52D2-45F1-9D27-6F2A952C4026}.Debug|Any CPU.ActiveCfg = Debug|Any CPU
		{40BC4D15-52D2-45F1-9D27-6F2A952C4026}.Debug|Any CPU.Build.0 = Debug|Any CPU
		{40BC4D15-52D2-45F1-9D27-6F2A952C4026}.Debug|x64.ActiveCfg = Debug|Any CPU
		{40BC4D15-52D2-45F1-9D27-6F2A952C4026}.Debug|x64.Build.0 = Debug|Any CPU
		{40BC4D15-52D2-45F1-9D27-6F2A952C4026}.Debug|x86.ActiveCfg = Debug|Any CPU
		{40BC4D15-52D2-45F1-9D27-6F2A952C4026}.Debug|x86.Build.0 = Debug|Any CPU
		{40BC4D15-52D2-45F1-9D27-6F2A952C4026}.Release|Any CPU.ActiveCfg = Release|Any CPU
		{40BC4D15-52D2-45F1-9D27-6F2A952C4026}.Release|Any CPU.Build.0 = Release|Any CPU
		{40BC4D15-52D2-45F1-9D27-6F2A952C4026}.Release|x64.ActiveCfg = Release|Any CPU
		{40BC4D15-52D2-45F1-9D27-6F2A952C4026}.Release|x64.Build.0 = Release|Any CPU
		{40BC4D15-52D2-45F1-9D27-6F2A952C4026}.Release|x86.ActiveCfg = Release|Any CPU
		{40BC4D15-52D2-45F1-9D27-6F2A952C4026}.Release|x86.Build.0 = Release|Any CPU
		{1B7F7709-46EE-4D55-A649-22F06CC4085F}.Debug|Any CPU.ActiveCfg = Debug|Any CPU
		{1B7F7709-46EE-4D55-A649-22F06CC4085F}.Debug|Any CPU.Build.0 = Debug|Any CPU
		{1B7F7709-46EE-4D55-A649-22F06CC4085F}.Debug|x64.ActiveCfg = Debug|Any CPU
		{1B7F7709-46EE-4D55-A649-22F06CC4085F}.Debug|x64.Build.0 = Debug|Any CPU
		{1B7F7709-46EE-4D55-A649-22F06CC4085F}.Debug|x86.ActiveCfg = Debug|Any CPU
		{1B7F7709-46EE-4D55-A649-22F06CC4085F}.Debug|x86.Build.0 = Debug|Any CPU
		{1B7F7709-46EE-4D55-A649-22F06CC4085F}.Release|Any CPU.ActiveCfg = Release|Any CPU
		{1B7F7709-46EE-4D55-A649-22F06CC4085F}.Release|Any CPU.Build.0 = Release|Any CPU
		{1B7F7709-46EE-4D55-A649-22F06CC4085F}.Release|x64.ActiveCfg = Release|Any CPU
		{1B7F7709-46EE-4D55-A649-22F06CC4085F}.Release|x64.Build.0 = Release|Any CPU
		{1B7F7709-46EE-4D55-A649-22F06CC4085F}.Release|x86.ActiveCfg = Release|Any CPU
		{1B7F7709-46EE-4D55-A649-22F06CC4085F}.Release|x86.Build.0 = Release|Any CPU
	EndGlobalSection
EndGlobal
